
Microsoft Visual Studio Solution File, Format Version 12.00
# Visual Studio Version 17
VisualStudioVersion = 17.13.35931.197 d17.13
MinimumVisualStudioVersion = 10.0.40219.1
Project("{FAE04EC0-301F-11D3-BF4B-00C04F79EFBC}") = "Foodtek Application API", "Foodtek Application API\Foodtek Application API.csproj", "{CA795B27-D44D-430D-97F1-5FAF722629AC}"
EndProject
Global
	GlobalSection(SolutionConfigurationPlatforms) = preSolution
		Debug|Any CPU = Debug|Any CPU
		Release|Any CPU = Release|Any CPU
	EndGlobalSection
	GlobalSection(ProjectConfigurationPlatforms) = postSolution
		{CA795B27-D44D-430D-97F1-5FAF722629AC}.Debug|Any CPU.ActiveCfg = Debug|Any CPU
		{CA795B27-D44D-430D-97F1-5FAF722629AC}.Debug|Any CPU.Build.0 = Debug|Any CPU
		{CA795B27-D44D-430D-97F1-5FAF722629AC}.Release|Any CPU.ActiveCfg = Release|Any CPU
		{CA795B27-D44D-430D-97F1-5FAF722629AC}.Release|Any CPU.Build.0 = Release|Any CPU
	EndGlobalSection
	GlobalSection(SolutionProperties) = preSolution
		HideSolutionNode = FALSE
	EndGlobalSection
	GlobalSection(ExtensibilityGlobals) = postSolution
		SolutionGuid = {D0C929CB-E1CC-4FD5-85F2-42F7F8DEDAE1}
	EndGlobalSection
EndGlobal
